
Microsoft Visual Studio Solution File, Format Version 12.00
# Visual Studio Version 17
VisualStudioVersion = 17.14.36414.22 d17.14
MinimumVisualStudioVersion = 10.0.40219.1
Project("{FAE04EC0-301F-11D3-BF4B-00C04F79EFBC}") = "grading", "grading.csproj", "{72AFBDAB-A6E1-4AFC-8C5B-9E425907F407}"
EndProject
Global
	GlobalSection(SolutionConfigurationPlatforms) = preSolution
		Debug|Any CPU = Debug|Any CPU
		Release|Any CPU = Release|Any CPU
	EndGlobalSection
	GlobalSection(ProjectConfigurationPlatforms) = postSolution
		{72AFBDAB-A6E1-4AFC-8C5B-9E425907F407}.Debug|Any CPU.ActiveCfg = Debug|Any CPU
		{72AFBDAB-A6E1-4AFC-8C5B-9E425907F407}.Debug|Any CPU.Build.0 = Debug|Any CPU
		{72AFBDAB-A6E1-4AFC-8C5B-9E425907F407}.Release|Any CPU.ActiveCfg = Release|Any CPU
		{72AFBDAB-A6E1-4AFC-8C5B-9E425907F407}.Release|Any CPU.Build.0 = Release|Any CPU
	EndGlobalSection
	GlobalSection(SolutionProperties) = preSolution
		HideSolutionNode = FALSE
	EndGlobalSection
	GlobalSection(ExtensibilityGlobals) = postSolution
		SolutionGuid = {8D5CB026-F60D-4C60-B134-247F495FB9C7}
	EndGlobalSection
EndGlobal
